
Microsoft Visual Studio Solution File, Format Version 12.00
# Visual Studio Version 16
VisualStudioVersion = 16.0.30517.126
MinimumVisualStudioVersion = 10.0.40219.1
Project("{FAE04EC0-301F-11D3-BF4B-00C04F79EFBC}") = "RandomNumberGenerators", "RandomNumberGenerators\RandomNumberGenerators.csproj", "{8BE91A87-0941-46C9-ACC1-F3280536ACAF}"
EndProject
Global
	GlobalSection(SolutionConfigurationPlatforms) = preSolution
		Debug|Any CPU = Debug|Any CPU
		Release|Any CPU = Release|Any CPU
	EndGlobalSection
	GlobalSection(ProjectConfigurationPlatforms) = postSolution
		{8BE91A87-0941-46C9-ACC1-F3280536ACAF}.Debug|Any CPU.ActiveCfg = Debug|Any CPU
		{8BE91A87-0941-46C9-ACC1-F3280536ACAF}.Debug|Any CPU.Build.0 = Debug|Any CPU
		{8BE91A87-0941-46C9-ACC1-F3280536ACAF}.Release|Any CPU.ActiveCfg = Release|Any CPU
		{8BE91A87-0941-46C9-ACC1-F3280536ACAF}.Release|Any CPU.Build.0 = Release|Any CPU
	EndGlobalSection
	GlobalSection(SolutionProperties) = preSolution
		HideSolutionNode = FALSE
	EndGlobalSection
	GlobalSection(ExtensibilityGlobals) = postSolution
		SolutionGuid = {A548D371-C6AD-4894-9FE7-4EF0C657B341}
	EndGlobalSection
EndGlobal
